{
  "version": 4,
  "terraform_version": "1.16.1",
  "serial": 32,
  "lineage": "3462e391-ecb9-381a-9c39-a85421444c2d",
  "outputs": {
    "bucket_name": {
      "value": "eda-a08-lake-jvfg",
      "type": "string"
    },
    "console_url_athena": {
      "value": "https://us-east-1.console.aws.amazon.com/athena/home?region=us-east-1#/query-editor",
      "type": "string"
    },
    "database_name": {
      "value": "eda_a08_lake_jvfg",
      "type": "string"
    },
    "table_name": {
      "value": "corridas",
      "type": "string"
    },
    "teto_bytes": {
      "value": 12000000,
      "type": "number"
    },
    "workgroup_name": {
      "value": "eda-a08-wg-jvfg",
      "type": "string"
    }
  },
  "resources": [
    {
      "mode": "managed",
      "type": "aws_athena_workgroup",
      "name": "wg",
      "provider": "provider[\"registry.terraform.io/hashicorp/aws\"]",
      "instances": [
        {
          "schema_version": 0,
          "attributes": {
            "arn": "arn:aws:athena:us-east-1:325583868777:workgroup/eda-a08-wg-jvfg",
            "configuration": [
              {
                "bytes_scanned_cutoff_per_query": 12000000,
                "enforce_workgroup_configuration": true,
                "engine_version": [
                  {
                    "effective_engine_version": "Athena engine version 3",
                    "selected_engine_version": "AUTO"
                  }
                ],
                "execution_role": "",
                "publish_cloudwatch_metrics_enabled": false,
                "requester_pays_enabled": false,
                "result_configuration": [
                  {
                    "acl_configuration": [],
                    "encryption_configuration": [],
                    "expected_bucket_owner": "",
                    "output_location": "s3://eda-a08-results-jvfg/athena-results/"
                  }
                ]
              }
            ],
            "description": "",
            "force_destroy": true,
            "id": "eda-a08-wg-jvfg",
            "name": "eda-a08-wg-jvfg",
            "state": "ENABLED",
            "tags": {},
            "tags_all": {
              "Aula": "08",
              "Disciplina": "EDA",
              "Owner": "jvfg",
              "Turma": "2026-2"
            }
          },
          "sensitive_attributes": [],
          "identity_schema_version": 0,
          "private": "bnVsbA==",
          "dependencies": [
            "aws_s3_bucket.results"
          ]
        }
      ]
    },
    {
      "mode": "managed",
      "type": "aws_glue_catalog_database",
      "name": "db",
      "provider": "provider[\"registry.terraform.io/hashicorp/aws\"]",
      "instances": [
        {
          "schema_version": 0,
          "attributes": {
            "arn": "arn:aws:glue:us-east-1:325583868777:database/eda_a08_lake_jvfg",
            "catalog_id": "325583868777",
            "create_table_default_permission": [
              {
                "permissions": [
                  "ALL"
                ],
                "principal": [
                  {
                    "data_lake_principal_identifier": "IAM_ALLOWED_PRINCIPALS"
                  }
                ]
              }
            ],
            "description": "",
            "federated_database": [],
            "id": "325583868777:eda_a08_lake_jvfg",
            "location_uri": "",
            "name": "eda_a08_lake_jvfg",
            "parameters": {},
            "tags": {},
            "tags_all": {
              "Aula": "08",
              "Disciplina": "EDA",
              "Owner": "jvfg",
              "Turma": "2026-2"
            },
            "target_database": []
          },
          "sensitive_attributes": [],
          "identity_schema_version": 0,
          "private": "bnVsbA=="
        }
      ]
    },
    {
      "mode": "managed",
      "type": "aws_glue_catalog_table",
      "name": "corridas",
      "provider": "provider[\"registry.terraform.io/hashicorp/aws\"]",
      "instances": [
        {
          "schema_version": 0,
          "attributes": {
            "arn": "arn:aws:glue:us-east-1:325583868777:table/eda_a08_lake_jvfg/corridas",
            "catalog_id": "325583868777",
            "database_name": "eda_a08_lake_jvfg",
            "description": "",
            "id": "325583868777:eda_a08_lake_jvfg:corridas",
            "name": "corridas",
            "open_table_format_input": [],
            "owner": "",
            "parameters": {
              "classification": "json",
              "ignore.malformed.json": "false"
            },
            "partition_index": [],
            "partition_keys": [
              {
                "comment": "",
                "name": "dt",
                "type": "string"
              }
            ],
            "retention": 0,
            "storage_descriptor": [
              {
                "additional_locations": [],
                "bucket_columns": [],
                "columns": [
                  {
                    "comment": "",
                    "name": "corrida_id",
                    "parameters": {},
                    "type": "string"
                  },
                  {
                    "comment": "",
                    "name": "motorista_id",
                    "parameters": {},
                    "type": "string"
                  },
                  {
                    "comment": "",
                    "name": "passageiro_id",
                    "parameters": {},
                    "type": "string"
                  },
                  {
                    "comment": "",
                    "name": "bairro",
                    "parameters": {},
                    "type": "string"
                  },
                  {
                    "comment": "",
                    "name": "data_corrida",
                    "parameters": {},
                    "type": "string"
                  },
                  {
                    "comment": "",
                    "name": "fim",
                    "parameters": {},
                    "type": "string"
                  },
                  {
                    "comment": "",
                    "name": "distancia_km",
                    "parameters": {},
                    "type": "double"
                  },
                  {
                    "comment": "",
                    "name": "duracao_min",
                    "parameters": {},
                    "type": "int"
                  },
                  {
                    "comment": "",
                    "name": "valor",
                    "parameters": {},
                    "type": "string"
                  }
                ],
                "compressed": false,
                "input_format": "org.apache.hadoop.mapred.TextInputFormat",
                "location": "s3://eda-a08-lake-jvfg/raw/corridas/",
                "number_of_buckets": 0,
                "output_format": "org.apache.hadoop.hive.ql.io.HiveIgnoreKeyTextOutputFormat",
                "parameters": {},
                "schema_reference": [],
                "ser_de_info": [
                  {
                    "name": "",
                    "parameters": {},
                    "serialization_library": "org.openx.data.jsonserde.JsonSerDe"
                  }
                ],
                "skewed_info": [],
                "sort_columns": [],
                "stored_as_sub_directories": false
              }
            ],
            "table_type": "EXTERNAL_TABLE",
            "target_table": [],
            "view_expanded_text": "",
            "view_original_text": ""
          },
          "sensitive_attributes": [],
          "identity_schema_version": 0,
          "private": "bnVsbA==",
          "dependencies": [
            "aws_glue_catalog_database.db",
            "aws_s3_bucket.lake"
          ]
        }
      ]
    },
    {
      "mode": "managed",
      "type": "aws_glue_partition",
      "name": "p",
      "provider": "provider[\"registry.terraform.io/hashicorp/aws\"]",
      "instances": [
        {
          "index_key": "2026-09-02",
          "schema_version": 0,
          "attributes": {
            "catalog_id": "325583868777",
            "creation_time": "2026-09-06T23:29:10Z",
            "database_name": "eda_a08_lake_jvfg",
            "id": "325583868777:eda_a08_lake_jvfg:corridas:2026-09-02",
            "last_accessed_time": null,
            "last_analyzed_time": null,
            "parameters": {},
            "partition_values": [
              "2026-09-02"
            ],
            "storage_descriptor": [
              {
                "additional_locations": [],
                "bucket_columns": [],
                "columns": [
                  {
                    "comment": "",
                    "name": "corrida_id",
                    "type": "string"
                  },
                  {
                    "comment": "",
                    "name": "motorista_id",
                    "type": "string"
                  },
                  {
                    "comment": "",
                    "name": "passageiro_id",
                    "type": "string"
                  },
                  {
                    "comment": "",
                    "name": "bairro",
                    "type": "string"
                  },
                  {
                    "comment": "",
                    "name": "data_corrida",
                    "type": "string"
                  },
                  {
                    "comment": "",
                    "name": "fim",
                    "type": "string"
                  },
                  {
                    "comment": "",
                    "name": "distancia_km",
                    "type": "double"
                  },
                  {
                    "comment": "",
                    "name": "duracao_min",
                    "type": "int"
                  },
                  {
                    "comment": "",
                    "name": "valor",
                    "type": "string"
                  }
                ],
                "compressed": false,
                "input_format": "org.apache.hadoop.mapred.TextInputFormat",
                "location": "s3://eda-a08-lake-jvfg/raw/corridas/dt=2026-09-02/",
                "number_of_buckets": 0,
                "output_format": "org.apache.hadoop.hive.ql.io.HiveIgnoreKeyTextOutputFormat",
                "parameters": {},
                "ser_de_info": [
                  {
                    "name": "",
                    "parameters": {},
                    "serialization_library": "org.openx.data.jsonserde.JsonSerDe"
                  }
                ],
                "skewed_info": [],
                "sort_columns": [],
                "stored_as_sub_directories": false
              }
            ],
            "table_name": "corridas"
          },
          "sensitive_attributes": [],
          "identity_schema_version": 0,
          "private": "bnVsbA==",
          "dependencies": [
            "aws_glue_catalog_database.db",
            "aws_glue_catalog_table.corridas",
            "aws_s3_bucket.lake"
          ]
        },
        {
          "index_key": "2026-09-03",
          "schema_version": 0,
          "attributes": {
            "catalog_id": "325583868777",
            "creation_time": "2026-09-06T23:29:10Z",
            "database_name": "eda_a08_lake_jvfg",
            "id": "325583868777:eda_a08_lake_jvfg:corridas:2026-09-03",
            "last_accessed_time": null,
            "last_analyzed_time": null,
            "parameters": {},
            "partition_values": [
              "2026-09-03"
            ],
            "storage_descriptor": [
              {
                "additional_locations": [],
                "bucket_columns": [],
                "columns": [
                  {
                    "comment": "",
                    "name": "corrida_id",
                    "type": "string"
                  },
                  {
                    "comment": "",
                    "name": "motorista_id",
                    "type": "string"
                  },
                  {
                    "comment": "",
                    "name": "passageiro_id",
                    "type": "string"
                  },
                  {
                    "comment": "",
                    "name": "bairro",
                    "type": "string"
                  },
                  {
                    "comment": "",
                    "name": "data_corrida",
                    "type": "string"
                  },
                  {
                    "comment": "",
                    "name": "fim",
                    "type": "string"
                  },
                  {
                    "comment": "",
                    "name": "distancia_km",
                    "type": "double"
                  },
                  {
                    "comment": "",
                    "name": "duracao_min",
                    "type": "int"
                  },
                  {
                    "comment": "",
                    "name": "valor",
                    "type": "string"
                  }
                ],
                "compressed": false,
                "input_format": "org.apache.hadoop.mapred.TextInputFormat",
                "location": "s3://eda-a08-lake-jvfg/raw/corridas/dt=2026-09-03/",
                "number_of_buckets": 0,
                "output_format": "org.apache.hadoop.hive.ql.io.HiveIgnoreKeyTextOutputFormat",
                "parameters": {},
                "ser_de_info": [
                  {
                    "name": "",
                    "parameters": {},
                    "serialization_library": "org.openx.data.jsonserde.JsonSerDe"
                  }
                ],
                "skewed_info": [],
                "sort_columns": [],
                "stored_as_sub_directories": false
              }
            ],
            "table_name": "corridas"
          },
          "sensitive_attributes": [],
          "identity_schema_version": 0,
          "private": "bnVsbA==",
          "dependencies": [
            "aws_glue_catalog_database.db",
            "aws_glue_catalog_table.corridas",
            "aws_s3_bucket.lake"
          ]
        },
        {
          "index_key": "2026-09-04",
          "schema_version": 0,
          "attributes": {
            "catalog_id": "325583868777",
            "creation_time": "2026-09-06T22:45:36Z",
            "database_name": "eda_a08_lake_jvfg",
            "id": "325583868777:eda_a08_lake_jvfg:corridas:2026-09-04",
            "last_accessed_time": null,
            "last_analyzed_time": null,
            "parameters": {},
            "partition_values": [
              "2026-09-04"
            ],
            "storage_descriptor": [
              {
                "additional_locations": [],
                "bucket_columns": [],
                "columns": [
                  {
                    "comment": "",
                    "name": "corrida_id",
                    "type": "string"
                  },
                  {
                    "comment": "",
                    "name": "motorista_id",
                    "type": "string"
                  },
                  {
                    "comment": "",
                    "name": "passageiro_id",
                    "type": "string"
                  },
                  {
                    "comment": "",
                    "name": "bairro",
                    "type": "string"
                  },
                  {
                    "comment": "",
                    "name": "data_corrida",
                    "type": "string"
                  },
                  {
                    "comment": "",
                    "name": "fim",
                    "type": "string"
                  },
                  {
                    "comment": "",
                    "name": "distancia_km",
                    "type": "double"
                  },
                  {
                    "comment": "",
                    "name": "duracao_min",
                    "type": "int"
                  },
                  {
                    "comment": "",
                    "name": "valor",
                    "type": "string"
                  }
                ],
                "compressed": false,
                "input_format": "org.apache.hadoop.mapred.TextInputFormat",
                "location": "s3://eda-a08-lake-jvfg/raw/corridas/dt=2026-09-04/",
                "number_of_buckets": 0,
                "output_format": "org.apache.hadoop.hive.ql.io.HiveIgnoreKeyTextOutputFormat",
                "parameters": {},
                "ser_de_info": [
                  {
                    "name": "",
                    "parameters": {},
                    "serialization_library": "org.openx.data.jsonserde.JsonSerDe"
                  }
                ],
                "skewed_info": [],
                "sort_columns": [],
                "stored_as_sub_directories": false
              }
            ],
            "table_name": "corridas"
          },
          "sensitive_attributes": [],
          "identity_schema_version": 0,
          "private": "bnVsbA==",
          "dependencies": [
            "aws_glue_catalog_database.db",
            "aws_glue_catalog_table.corridas",
            "aws_s3_bucket.lake"
          ]
        },
        {
          "index_key": "2026-09-05",
          "schema_version": 0,
          "attributes": {
            "catalog_id": "325583868777",
            "creation_time": "2026-09-06T22:45:36Z",
            "database_name": "eda_a08_lake_jvfg",
            "id": "325583868777:eda_a08_lake_jvfg:corridas:2026-09-05",
            "last_accessed_time": null,
            "last_analyzed_time": null,
            "parameters": {},
            "partition_values": [
              "2026-09-05"
            ],
            "storage_descriptor": [
              {
                "additional_locations": [],
                "bucket_columns": [],
                "columns": [
                  {
                    "comment": "",
                    "name": "corrida_id",
                    "type": "string"
                  },
                  {
                    "comment": "",
                    "name": "motorista_id",
                    "type": "string"
                  },
                  {
                    "comment": "",
                    "name": "passageiro_id",
                    "type": "string"
                  },
                  {
                    "comment": "",
                    "name": "bairro",
                    "type": "string"
                  },
                  {
                    "comment": "",
                    "name": "data_corrida",
                    "type": "string"
                  },
                  {
                    "comment": "",
                    "name": "fim",
                    "type": "string"
                  },
                  {
                    "comment": "",
                    "name": "distancia_km",
                    "type": "double"
                  },
                  {
                    "comment": "",
                    "name": "duracao_min",
                    "type": "int"
                  },
                  {
                    "comment": "",
                    "name": "valor",
                    "type": "string"
                  }
                ],
                "compressed": false,
                "input_format": "org.apache.hadoop.mapred.TextInputFormat",
                "location": "s3://eda-a08-lake-jvfg/raw/corridas/dt=2026-09-05/",
                "number_of_buckets": 0,
                "output_format": "org.apache.hadoop.hive.ql.io.HiveIgnoreKeyTextOutputFormat",
                "parameters": {},
                "ser_de_info": [
                  {
                    "name": "",
                    "parameters": {},
                    "serialization_library": "org.openx.data.jsonserde.JsonSerDe"
                  }
                ],
                "skewed_info": [],
                "sort_columns": [],
                "stored_as_sub_directories": false
              }
            ],
            "table_name": "corridas"
          },
          "sensitive_attributes": [],
          "identity_schema_version": 0,
          "private": "bnVsbA==",
          "dependencies": [
            "aws_glue_catalog_database.db",
            "aws_glue_catalog_table.corridas",
            "aws_s3_bucket.lake"
          ]
        },
        {
          "index_key": "2026-09-06",
          "schema_version": 0,
          "attributes": {
            "catalog_id": "325583868777",
            "creation_time": "2026-09-06T22:45:36Z",
            "database_name": "eda_a08_lake_jvfg",
            "id": "325583868777:eda_a08_lake_jvfg:corridas:2026-09-06",
            "last_accessed_time": null,
            "last_analyzed_time": null,
            "parameters": {},
            "partition_values": [
              "2026-09-06"
            ],
            "storage_descriptor": [
              {
                "additional_locations": [],
                "bucket_columns": [],
                "columns": [
                  {
                    "comment": "",
                    "name": "corrida_id",
                    "type": "string"
                  },
                  {
                    "comment": "",
                    "name": "motorista_id",
                    "type": "string"
                  },
                  {
                    "comment": "",
                    "name": "passageiro_id",
                    "type": "string"
                  },
                  {
                    "comment": "",
                    "name": "bairro",
                    "type": "string"
                  },
                  {
                    "comment": "",
                    "name": "data_corrida",
                    "type": "string"
                  },
                  {
                    "comment": "",
                    "name": "fim",
                    "type": "string"
                  },
                  {
                    "comment": "",
                    "name": "distancia_km",
                    "type": "double"
                  },
                  {
                    "comment": "",
                    "name": "duracao_min",
                    "type": "int"
                  },
                  {
                    "comment": "",
                    "name": "valor",
                    "type": "string"
                  }
                ],
                "compressed": false,
                "input_format": "org.apache.hadoop.mapred.TextInputFormat",
                "location": "s3://eda-a08-lake-jvfg/raw/corridas/dt=2026-09-06/",
                "number_of_buckets": 0,
                "output_format": "org.apache.hadoop.hive.ql.io.HiveIgnoreKeyTextOutputFormat",
                "parameters": {},
                "ser_de_info": [
                  {
                    "name": "",
                    "parameters": {},
                    "serialization_library": "org.openx.data.jsonserde.JsonSerDe"
                  }
                ],
                "skewed_info": [],
                "sort_columns": [],
                "stored_as_sub_directories": false
              }
            ],
            "table_name": "corridas"
          },
          "sensitive_attributes": [],
          "identity_schema_version": 0,
          "private": "bnVsbA==",
          "dependencies": [
            "aws_glue_catalog_database.db",
            "aws_glue_catalog_table.corridas",
            "aws_s3_bucket.lake"
          ]
        }
      ]
    },
    {
      "mode": "managed",
      "type": "aws_s3_bucket",
      "name": "lake",
      "provider": "provider[\"registry.terraform.io/hashicorp/aws\"]",
      "instances": [
        {
          "schema_version": 0,
          "attributes": {
            "acceleration_status": "",
            "acl": null,
            "arn": "arn:aws:s3:::eda-a08-lake-jvfg",
            "bucket": "eda-a08-lake-jvfg",
            "bucket_domain_name": "eda-a08-lake-jvfg.s3.amazonaws.com",
            "bucket_prefix": "",
            "bucket_regional_domain_name": "eda-a08-lake-jvfg.s3.us-east-1.amazonaws.com",
            "cors_rule": [],
            "force_destroy": true,
            "grant": [
              {
                "id": "8022b3bfe1e45d090335847dc77b594076fc7367a05e12aaab58998de2bef47e",
                "permissions": [
                  "FULL_CONTROL"
                ],
                "type": "CanonicalUser",
                "uri": ""
              }
            ],
            "hosted_zone_id": "Z3AQBSTGFYJSTF",
            "id": "eda-a08-lake-jvfg",
            "lifecycle_rule": [],
            "logging": [],
            "object_lock_configuration": [],
            "object_lock_enabled": false,
            "policy": "",
            "region": "us-east-1",
            "replication_configuration": [],
            "request_payer": "BucketOwner",
            "server_side_encryption_configuration": [
              {
                "rule": [
                  {
                    "apply_server_side_encryption_by_default": [
                      {
                        "kms_master_key_id": "",
                        "sse_algorithm": "AES256"
                      }
                    ],
                    "bucket_key_enabled": false
                  }
                ]
              }
            ],
            "tags": {},
            "tags_all": {
              "Aula": "08",
              "Disciplina": "EDA",
              "Owner": "jvfg",
              "Turma": "2026-2"
            },
            "timeouts": null,
            "versioning": [
              {
                "enabled": false,
                "mfa_delete": false
              }
            ],
            "website": [],
            "website_domain": null,
            "website_endpoint": null
          },
          "sensitive_attributes": [],
          "identity_schema_version": 0,
          "private": "eyJlMmJmYjczMC1lY2FhLTExZTYtOGY4OC0zNDM2M2JjN2M0YzAiOnsiY3JlYXRlIjoxMjAwMDAwMDAwMDAwLCJkZWxldGUiOjM2MDAwMDAwMDAwMDAsInJlYWQiOjEyMDAwMDAwMDAwMDAsInVwZGF0ZSI6MTIwMDAwMDAwMDAwMH19"
        }
      ]
    },
    {
      "mode": "managed",
      "type": "aws_s3_bucket",
      "name": "results",
      "provider": "provider[\"registry.terraform.io/hashicorp/aws\"]",
      "instances": [
        {
          "schema_version": 0,
          "attributes": {
            "acceleration_status": "",
            "acl": null,
            "arn": "arn:aws:s3:::eda-a08-results-jvfg",
            "bucket": "eda-a08-results-jvfg",
            "bucket_domain_name": "eda-a08-results-jvfg.s3.amazonaws.com",
            "bucket_prefix": "",
            "bucket_regional_domain_name": "eda-a08-results-jvfg.s3.us-east-1.amazonaws.com",
            "cors_rule": [],
            "force_destroy": true,
            "grant": [
              {
                "id": "8022b3bfe1e45d090335847dc77b594076fc7367a05e12aaab58998de2bef47e",
                "permissions": [
                  "FULL_CONTROL"
                ],
                "type": "CanonicalUser",
                "uri": ""
              }
            ],
            "hosted_zone_id": "Z3AQBSTGFYJSTF",
            "id": "eda-a08-results-jvfg",
            "lifecycle_rule": [],
            "logging": [],
            "object_lock_configuration": [],
            "object_lock_enabled": false,
            "policy": "",
            "region": "us-east-1",
            "replication_configuration": [],
            "request_payer": "BucketOwner",
            "server_side_encryption_configuration": [
              {
                "rule": [
                  {
                    "apply_server_side_encryption_by_default": [
                      {
                        "kms_master_key_id": "",
                        "sse_algorithm": "AES256"
                      }
                    ],
                    "bucket_key_enabled": false
                  }
                ]
              }
            ],
            "tags": {},
            "tags_all": {
              "Aula": "08",
              "Disciplina": "EDA",
              "Owner": "jvfg",
              "Turma": "2026-2"
            },
            "timeouts": null,
            "versioning": [
              {
                "enabled": false,
                "mfa_delete": false
              }
            ],
            "website": [],
            "website_domain": null,
            "website_endpoint": null
          },
          "sensitive_attributes": [],
          "identity_schema_version": 0,
          "private": "eyJlMmJmYjczMC1lY2FhLTExZTYtOGY4OC0zNDM2M2JjN2M0YzAiOnsiY3JlYXRlIjoxMjAwMDAwMDAwMDAwLCJkZWxldGUiOjM2MDAwMDAwMDAwMDAsInJlYWQiOjEyMDAwMDAwMDAwMDAsInVwZGF0ZSI6MTIwMDAwMDAwMDAwMH19"
        }
      ]
    },
    {
      "mode": "managed",
      "type": "aws_s3_bucket_public_access_block",
      "name": "lake",
      "provider": "provider[\"registry.terraform.io/hashicorp/aws\"]",
      "instances": [
        {
          "schema_version": 0,
          "attributes": {
            "block_public_acls": true,
            "block_public_policy": true,
            "bucket": "eda-a08-lake-jvfg",
            "id": "eda-a08-lake-jvfg",
            "ignore_public_acls": true,
            "restrict_public_buckets": true
          },
          "sensitive_attributes": [],
          "identity_schema_version": 0,
          "private": "bnVsbA==",
          "dependencies": [
            "aws_s3_bucket.lake"
          ]
        }
      ]
    },
    {
      "mode": "managed",
      "type": "aws_s3_bucket_public_access_block",
      "name": "results",
      "provider": "provider[\"registry.terraform.io/hashicorp/aws\"]",
      "instances": [
        {
          "schema_version": 0,
          "attributes": {
            "block_public_acls": true,
            "block_public_policy": true,
            "bucket": "eda-a08-results-jvfg",
            "id": "eda-a08-results-jvfg",
            "ignore_public_acls": true,
            "restrict_public_buckets": true
          },
          "sensitive_attributes": [],
          "identity_schema_version": 0,
          "private": "bnVsbA==",
          "dependencies": [
            "aws_s3_bucket.results"
          ]
        }
      ]
    }
  ],
  "check_results": [
    {
      "object_kind": "var",
      "config_addr": "var.sufixo",
      "status": "pass",
      "objects": [
        {
          "object_addr": "var.sufixo",
          "status": "pass"
        }
      ]
    },
    {
      "object_kind": "var",
      "config_addr": "var.teto_bytes",
      "status": "pass",
      "objects": [
        {
          "object_addr": "var.teto_bytes",
          "status": "pass"
        }
      ]
    },
    {
      "object_kind": "var",
      "config_addr": "var.dias_particao",
      "status": "pass",
      "objects": [
        {
          "object_addr": "var.dias_particao",
          "status": "pass"
        }
      ]
    }
  ]
}
